<?xml version="1.0" encoding="utf-8"?>
<Project ToolsVersion="4.0" xmlns="http://schemas.microsoft.com/developer/msbuild/2003">
  <ItemGroup>
    <Filter Include="Resource Files">
      <UniqueIdentifier>{67DA6AB6-F800-4c08-8B7A-83BB121AAD01}</UniqueIdentifier>
      <Extensions>rc;ico;cur;bmp;dlg;rc2;rct;bin;rgs;gif;jpg;jpeg;jpe;resx;tiff;tif;png;wav;mfcribbon-ms</Extensions>
    </Filter>
    <Filter Include="Pbot">
      <UniqueIdentifier>{b660d0c7-e025-4e54-b391-c513c9ad7ee2}</UniqueIdentifier>
    </Filter>
    <Filter Include="Pbot\Header Files">
      <UniqueIdentifier>{93995380-89BD-4b04-88EB-625FBE52EBFB}</UniqueIdentifier>
      <Extensions>h;hh;hpp;hxx;hm;inl;inc;xsd</Extensions>
    </Filter>
    <Filter Include="Pbot\Source Files">
      <UniqueIdentifier>{4FC737F1-C7A5-4376-A066-2A32D752A2FF}</UniqueIdentifier>
      <Extensions>cpp;c;cc;cxx;def;odl;idl;hpj;bat;asm;asmx</Extensions>
    </Filter>
    <Filter Include="PbotStructure">
      <UniqueIdentifier>{41fc74a5-4d62-4d52-8d25-ba5e751d2d8a}</UniqueIdentifier>
    </Filter>
    <Filter Include="PbotStructure\Economy">
      <UniqueIdentifier>{44e1ba10-973f-42ab-9099-8d7ec532b4f9}</UniqueIdentifier>
    </Filter>
    <Filter Include="PbotStructure\Military">
      <UniqueIdentifier>{736ab4bc-f198-4dcf-ae68-f81e4d7c89cd}</UniqueIdentifier>
    </Filter>
    <Filter Include="PbotStructure\Economy\Reinforcement Learning">
      <UniqueIdentifier>{21520df1-377f-44b1-86ad-2fdf76dbc294}</UniqueIdentifier>
    </Filter>
  </ItemGroup>
  <ItemGroup>
    <ClInclude Include="pbot.h">
      <Filter>Pbot\Header Files</Filter>
    </ClInclude>
    <ClInclude Include="rlMain.h">
      <Filter>PbotStructure\Economy\Reinforcement Learning</Filter>
    </ClInclude>
    <ClInclude Include="Economy.h">
      <Filter>PbotStructure\Economy</Filter>
    </ClInclude>
    <ClInclude Include="Production.h">
      <Filter>PbotStructure\Economy</Filter>
    </ClInclude>
    <ClInclude Include="Bases.h">
      <Filter>PbotStructure\Economy</Filter>
    </ClInclude>
    <ClInclude Include="BuildingPlacement.h">
      <Filter>PbotStructure\Economy</Filter>
    </ClInclude>
    <ClInclude Include="Military.h">
      <Filter>PbotStructure\Military</Filter>
    </ClInclude>
    <ClInclude Include="Targets.h">
      <Filter>PbotStructure\Military</Filter>
    </ClInclude>
    <ClInclude Include="Squads.h">
      <Filter>PbotStructure\Military</Filter>
    </ClInclude>
    <ClInclude Include="Reinforcements.h">
      <Filter>PbotStructure\Military</Filter>
    </ClInclude>
  </ItemGroup>
  <ItemGroup>
    <ClCompile Include="pbot.cpp">
      <Filter>Pbot\Source Files</Filter>
    </ClCompile>
    <ClCompile Include="dll.cpp">
      <Filter>Pbot\Source Files</Filter>
    </ClCompile>
    <ClCompile Include="rlMain.cpp">
      <Filter>PbotStructure\Economy\Reinforcement Learning</Filter>
    </ClCompile>
    <ClCompile Include="Economy.cpp">
      <Filter>PbotStructure\Economy</Filter>
    </ClCompile>
    <ClCompile Include="Production.cpp">
      <Filter>PbotStructure\Economy</Filter>
    </ClCompile>
    <ClCompile Include="Bases.cpp">
      <Filter>PbotStructure\Economy</Filter>
    </ClCompile>
    <ClCompile Include="BuildingPlacement.cpp">
      <Filter>PbotStructure\Economy</Filter>
    </ClCompile>
    <ClCompile Include="Military.cpp">
      <Filter>PbotStructure\Military</Filter>
    </ClCompile>
    <ClCompile Include="Targets.cpp">
      <Filter>PbotStructure\Military</Filter>
    </ClCompile>
    <ClCompile Include="Squads.cpp">
      <Filter>PbotStructure\Military</Filter>
    </ClCompile>
    <ClCompile Include="Reinforcements.cpp">
      <Filter>PbotStructure\Military</Filter>
    </ClCompile>
  </ItemGroup>
</Project>